
Microsoft Visual Studio Solution File, Format Version 12.00
# Visual Studio 15
VisualStudioVersion = 15.0.28010.2036
MinimumVisualStudioVersion = 10.0.40219.1
Project("{8BC9CEB8-8B4A-11D0-8D11-00A0C91BC942}") = "hooks", "hooks\hooks.vcxproj", "{9BC16542-C2B2-4B15-B87C-F9FFD3F78322}"
EndProject
Project("{8BC9CEB8-8B4A-11D0-8D11-00A0C91BC942}") = "injector", "injector\injector.vcxproj", "{0F8ACEF1-C27F-434E-9990-F87568437A63}"
EndProject
Global
	GlobalSection(SolutionConfigurationPlatforms) = preSolution
		Debug|x86 = Debug|x86
		Release|x86 = Release|x86
	EndGlobalSection
	GlobalSection(ProjectConfigurationPlatforms) = postSolution
		{9BC16542-C2B2-4B15-B87C-F9FFD3F78322}.Debug|x86.ActiveCfg = Debug|Win32
		{9BC16542-C2B2-4B15-B87C-F9FFD3F78322}.Debug|x86.Build.0 = Debug|Win32
		{9BC16542-C2B2-4B15-B87C-F9FFD3F78322}.Release|x86.ActiveCfg = Release|Win32
		{9BC16542-C2B2-4B15-B87C-F9FFD3F78322}.Release|x86.Build.0 = Release|Win32
		{0F8ACEF1-C27F-434E-9990-F87568437A63}.Debug|x86.ActiveCfg = Debug|Win32
		{0F8ACEF1-C27F-434E-9990-F87568437A63}.Debug|x86.Build.0 = Debug|Win32
		{0F8ACEF1-C27F-434E-9990-F87568437A63}.Release|x86.ActiveCfg = Release|Win32
		{0F8ACEF1-C27F-434E-9990-F87568437A63}.Release|x86.Build.0 = Release|Win32
	EndGlobalSection
	GlobalSection(SolutionProperties) = preSolution
		HideSolutionNode = FALSE
	EndGlobalSection
	GlobalSection(ExtensibilityGlobals) = postSolution
		SolutionGuid = {B9A6C75C-842F-4E9D-89A0-2E686CF9C7F7}
	EndGlobalSection
EndGlobal
